// !$*UTF8*$!
{
	archiveVersion = 1;
	classes = {
	};
	objectVersion = 56;
	objects = {

/* Begin PBXBuildFile section */
		0EB22A462A838C6000217F74 /* AppDelegate.swift in Sources */ = {isa = PBXBuildFile; fileRef = 0EB22A452A838C6000217F74 /* AppDelegate.swift */; };
		0EB22A4A2A838C6000217F74 /* ViewController.swift in Sources */ = {isa = PBXBuildFile; fileRef = 0EB22A492A838C6000217F74 /* ViewController.swift */; };
		0EB22A4F2A838C6200217F74 /* Assets.xcassets in Resources */ = {isa = PBXBuildFile; fileRef = 0EB22A4E2A838C6200217F74 /* Assets.xcassets */; };
		0EB22A522A838C6200217F74 /* LaunchScreen.storyboard in Resources */ = {isa = PBXBuildFile; fileRef = 0EB22A502A838C6200217F74 /* LaunchScreen.storyboard */; };
		0EB22A5B2A838CD600217F74 /* SnapKit in Frameworks */ = {isa = PBXBuildFile; productRef = 0EB22A5A2A838CD600217F74 /* SnapKit */; };
		0EB22A5E2A838CE200217F74 /* Then in Frameworks */ = {isa = PBXBuildFile; productRef = 0EB22A5D2A838CE200217F74 /* Then */; };
		0EB22A612A838CF000217F74 /* RxCocoa in Frameworks */ = {isa = PBXBuildFile; productRef = 0EB22A602A838CF000217F74 /* RxCocoa */; };
		0EB22A632A838CF000217F74 /* RxSwift in Frameworks */ = {isa = PBXBuildFile; productRef = 0EB22A622A838CF000217F74 /* RxSwift */; };
		0EB22A682A838D3100217F74 /* RIBs in Frameworks */ = {isa = PBXBuildFile; productRef = 0EB22A672A838D3100217F74 /* RIBs */; };
		0EB22ABA2A83DF2F00217F74 /* SceneDelegate.swift in Sources */ = {isa = PBXBuildFile; fileRef = 0EB22AB92A83DF2F00217F74 /* SceneDelegate.swift */; };
/* End PBXBuildFile section */

/* Begin PBXFileReference section */
		0EB22A422A838C6000217F74 /* RIBsProject.app */ = {isa = PBXFileReference; explicitFileType = wrapper.application; includeInIndex = 0; path = RIBsProject.app; sourceTree = BUILT_PRODUCTS_DIR; };
		0EB22A452A838C6000217F74 /* AppDelegate.swift */ = {isa = PBXFileReference; lastKnownFileType = sourcecode.swift; path = AppDelegate.swift; sourceTree = "<group>"; };
		0EB22A492A838C6000217F74 /* ViewController.swift */ = {isa = PBXFileReference; lastKnownFileType = sourcecode.swift; path = ViewController.swift; sourceTree = "<group>"; };
		0EB22A4E2A838C6200217F74 /* Assets.xcassets */ = {isa = PBXFileReference; lastKnownFileType = folder.assetcatalog; path = Assets.xcassets; sourceTree = "<group>"; };
		0EB22A512A838C6200217F74 /* Base */ = {isa = PBXFileReference; lastKnownFileType = file.storyboard; name = Base; path = Base.lproj/LaunchScreen.storyboard; sourceTree = "<group>"; };
		0EB22A532A838C6200217F74 /* Info.plist */ = {isa = PBXFileReference; lastKnownFileType = text.plist.xml; path = Info.plist; sourceTree = "<group>"; };
		0EB22AB92A83DF2F00217F74 /* SceneDelegate.swift */ = {isa = PBXFileReference; fileEncoding = 4; lastKnownFileType = sourcecode.swift; path = SceneDelegate.swift; sourceTree = "<group>"; };
/* End PBXFileReference section */

/* Begin PBXFrameworksBuildPhase section */
		0EB22A3F2A838C6000217F74 /* Frameworks */ = {
			isa = PBXFrameworksBuildPhase;
			buildActionMask = 2147483647;
			files = (
				0EB22A682A838D3100217F74 /* RIBs in Frameworks */,
				0EB22A612A838CF000217F74 /* RxCocoa in Frameworks */,
				0EB22A5B2A838CD600217F74 /* SnapKit in Frameworks */,
				0EB22A632A838CF000217F74 /* RxSwift in Frameworks */,
				0EB22A5E2A838CE200217F74 /* Then in Frameworks */,
			);
			runOnlyForDeploymentPostprocessing = 0;
		};
/* End PBXFrameworksBuildPhase section */

/* Begin PBXGroup section */
		0EB22A392A838C6000217F74 = {
			isa = PBXGroup;
			children = (
				0EB22A442A838C6000217F74 /* RIBsProject */,
				0EB22A432A838C6000217F74 /* Products */,
			);
			sourceTree = "<group>";
		};
		0EB22A432A838C6000217F74 /* Products */ = {
			isa = PBXGroup;
			children = (
				0EB22A422A838C6000217F74 /* RIBsProject.app */,
			);
			name = Products;
			sourceTree = "<group>";
		};
		0EB22A442A838C6000217F74 /* RIBsProject */ = {
			isa = PBXGroup;
			children = (
				0EB22A452A838C6000217F74 /* AppDelegate.swift */,
				0EB22AB92A83DF2F00217F74 /* SceneDelegate.swift */,
				0EB22A492A838C6000217F74 /* ViewController.swift */,
				0EB22A4E2A838C6200217F74 /* Assets.xcassets */,
				0EB22A502A838C6200217F74 /* LaunchScreen.storyboard */,
				0EB22A532A838C6200217F74 /* Info.plist */,
			);
			path = RIBsProject;
			sourceTree = "<group>";
		};
/* End PBXGroup section */

/* Begin PBXNativeTarget section */
		0EB22A412A838C6000217F74 /* RIBsProject */ = {
			isa = PBXNativeTarget;
			buildConfigurationList = 0EB22A562A838C6200217F74 /* Build configuration list for PBXNativeTarget "RIBsProject" */;
			buildPhases = (
				0EB22A3E2A838C6000217F74 /* Sources */,
				0EB22A3F2A838C6000217F74 /* Frameworks */,
				0EB22A402A838C6000217F74 /* Resources */,
			);
			buildRules = (
			);
			dependencies = (
			);
			name = RIBsProject;
			packageProductDependencies = (
				0EB22A5A2A838CD600217F74 /* SnapKit */,
				0EB22A5D2A838CE200217F74 /* Then */,
				0EB22A602A838CF000217F74 /* RxCocoa */,
				0EB22A622A838CF000217F74 /* RxSwift */,
				0EB22A672A838D3100217F74 /* RIBs */,
			);
			productName = RIBsProject;
			productReference = 0EB22A422A838C6000217F74 /* RIBsProject.app */;
			productType = "com.apple.product-type.application";
		};
/* End PBXNativeTarget section */

/* Begin PBXProject section */
		0EB22A3A2A838C6000217F74 /* Project object */ = {
			isa = PBXProject;
			attributes = {
				BuildIndependentTargetsInParallel = 1;
				LastSwiftUpdateCheck = 1430;
				LastUpgradeCheck = 1430;
				TargetAttributes = {
					0EB22A412A838C6000217F74 = {
						CreatedOnToolsVersion = 14.3.1;
					};
				};
			};
			buildConfigurationList = 0EB22A3D2A838C6000217F74 /* Build configuration list for PBXProject "RIBsProject" */;
			compatibilityVersion = "Xcode 14.0";
			developmentRegion = en;
			hasScannedForEncodings = 0;
			knownRegions = (
				en,
				Base,
			);
			mainGroup = 0EB22A392A838C6000217F74;
			packageReferences = (
				0EB22A592A838CD600217F74 /* XCRemoteSwiftPackageReference "SnapKit" */,
				0EB22A5C2A838CE200217F74 /* XCRemoteSwiftPackageReference "Then" */,
				0EB22A5F2A838CF000217F74 /* XCRemoteSwiftPackageReference "RxSwift" */,
				0EB22A662A838D3100217F74 /* XCRemoteSwiftPackageReference "RIBs" */,
			);
			productRefGroup = 0EB22A432A838C6000217F74 /* Products */;
			projectDirPath = "";
			projectRoot = "";
			targets = (
				0EB22A412A838C6000217F74 /* RIBsProject */,
			);
		};
/* End PBXProject section */

/* Begin PBXResourcesBuildPhase section */
		0EB22A402A838C6000217F74 /* Resources */ = {
			isa = PBXResourcesBuildPhase;
			buildActionMask = 2147483647;
			files = (
				0EB22A522A838C6200217F74 /* LaunchScreen.storyboard in Resources */,
				0EB22A4F2A838C6200217F74 /* Assets.xcassets in Resources */,
			);
			runOnlyForDeploymentPostprocessing = 0;
		};
/* End PBXResourcesBuildPhase section */

/* Begin PBXSourcesBuildPhase section */
		0EB22A3E2A838C6000217F74 /* Sources */ = {
			isa = PBXSourcesBuildPhase;
			buildActionMask = 2147483647;
			files = (
				0EB22A4A2A838C6000217F74 /* ViewController.swift in Sources */,
				0EB22A462A838C6000217F74 /* AppDelegate.swift in Sources */,
				0EB22ABA2A83DF2F00217F74 /* SceneDelegate.swift in Sources */,
			);
			runOnlyForDeploymentPostprocessing = 0;
		};
/* End PBXSourcesBuildPhase section */

/* Begin PBXVariantGroup section */
		0EB22A502A838C6200217F74 /* LaunchScreen.storyboard */ = {
			isa = PBXVariantGroup;
			children = (
				0EB22A512A838C6200217F74 /* Base */,
			);
			name = LaunchScreen.storyboard;
			sourceTree = "<group>";
		};
/* End PBXVariantGroup section */

/* Begin XCBuildConfiguration section */
		0EB22A542A838C6200217F74 /* Debug */ = {
			isa = XCBuildConfiguration;
			buildSettings = {
				ALWAYS_SEARCH_USER_PATHS = NO;
				CLANG_ANALYZER_NONNULL = YES;
				CLANG_ANALYZER_NUMBER_OBJECT_CONVERSION = YES_AGGRESSIVE;
				CLANG_CXX_LANGUAGE_STANDARD = "gnu++20";
				CLANG_ENABLE_MODULES = YES;
				CLANG_ENABLE_OBJC_ARC = YES;
				CLANG_ENABLE_OBJC_WEAK = YES;
				CLANG_WARN_BLOCK_CAPTURE_AUTORELEASING = YES;
				CLANG_WARN_BOOL_CONVERSION = YES;
				CLANG_WARN_COMMA = YES;
				CLANG_WARN_CONSTANT_CONVERSION = YES;
				CLANG_WARN_DEPRECATED_OBJC_IMPLEMENTATIONS = YES;
				CLANG_WARN_DIRECT_OBJC_ISA_USAGE = YES_ERROR;
				CLANG_WARN_DOCUMENTATION_COMMENTS = YES;
				CLANG_WARN_EMPTY_BODY = YES;
				CLANG_WARN_ENUM_CONVERSION = YES;
				CLANG_WARN_INFINITE_RECURSION = YES;
				CLANG_WARN_INT_CONVERSION = YES;
				CLANG_WARN_NON_LITERAL_NULL_CONVERSION = YES;
				CLANG_WARN_OBJC_IMPLICIT_RETAIN_SELF = YES;
				CLANG_WARN_OBJC_LITERAL_CONVERSION = YES;
				CLANG_WARN_OBJC_ROOT_CLASS = YES_ERROR;
				CLANG_WARN_QUOTED_INCLUDE_IN_FRAMEWORK_HEADER = YES;
				CLANG_WARN_RANGE_LOOP_ANALYSIS = YES;
				CLANG_WARN_STRICT_PROTOTYPES = YES;
				CLANG_WARN_SUSPICIOUS_MOVE = YES;
				CLANG_WARN_UNGUARDED_AVAILABILITY = YES_AGGRESSIVE;
				CLANG_WARN_UNREACHABLE_CODE = YES;
				CLANG_WARN__DUPLICATE_METHOD_MATCH = YES;
				COPY_PHASE_STRIP = NO;
				DEBUG_INFORMATION_FORMAT = dwarf;
				ENABLE_STRICT_OBJC_MSGSEND = YES;
				ENABLE_TESTABILITY = YES;
				GCC_C_LANGUAGE_STANDARD = gnu11;
				GCC_DYNAMIC_NO_PIC = NO;
				GCC_NO_COMMON_BLOCKS = YES;
				GCC_OPTIMIZATION_LEVEL = 0;
				GCC_PREPROCESSOR_DEFINITIONS = (
					"DEBUG=1",
					"$(inherited)",
				);
				GCC_WARN_64_TO_32_BIT_CONVERSION = YES;
				GCC_WARN_ABOUT_RETURN_TYPE = YES_ERROR;
				GCC_WARN_UNDECLARED_SELECTOR = YES;
				GCC_WARN_UNINITIALIZED_AUTOS = YES_AGGRESSIVE;
				GCC_WARN_UNUSED_FUNCTION = YES;
				GCC_WARN_UNUSED_VARIABLE = YES;
				IPHONEOS_DEPLOYMENT_TARGET = 16.4;
				MTL_ENABLE_DEBUG_INFO = INCLUDE_SOURCE;
				MTL_FAST_MATH = YES;
				ONLY_ACTIVE_ARCH = YES;
				SDKROOT = iphoneos;
				SWIFT_ACTIVE_COMPILATION_CONDITIONS = DEBUG;
				SWIFT_OPTIMIZATION_LEVEL = "-Onone";
			};
			name = Debug;
		};
		0EB22A552A838C6200217F74 /* Release */ = {
			isa = XCBuildConfiguration;
			buildSettings = {
				ALWAYS_SEARCH_USER_PATHS = NO;
				CLANG_ANALYZER_NONNULL = YES;
				CLANG_ANALYZER_NUMBER_OBJECT_CONVERSION = YES_AGGRESSIVE;
				CLANG_CXX_LANGUAGE_STANDARD = "gnu++20";
				CLANG_ENABLE_MODULES = YES;
				CLANG_ENABLE_OBJC_ARC = YES;
				CLANG_ENABLE_OBJC_WEAK = YES;
				CLANG_WARN_BLOCK_CAPTURE_AUTORELEASING = YES;
				CLANG_WARN_BOOL_CONVERSION = YES;
				CLANG_WARN_COMMA = YES;
				CLANG_WARN_CONSTANT_CONVERSION = YES;
				CLANG_WARN_DEPRECATED_OBJC_IMPLEMENTATIONS = YES;
				CLANG_WARN_DIRECT_OBJC_ISA_USAGE = YES_ERROR;
				CLANG_WARN_DOCUMENTATION_COMMENTS = YES;
				CLANG_WARN_EMPTY_BODY = YES;
				CLANG_WARN_ENUM_CONVERSION = YES;
				CLANG_WARN_INFINITE_RECURSION = YES;
				CLANG_WARN_INT_CONVERSION = YES;
				CLANG_WARN_NON_LITERAL_NULL_CONVERSION = YES;
				CLANG_WARN_OBJC_IMPLICIT_RETAIN_SELF = YES;
				CLANG_WARN_OBJC_LITERAL_CONVERSION = YES;
				CLANG_WARN_OBJC_ROOT_CLASS = YES_ERROR;
				CLANG_WARN_QUOTED_INCLUDE_IN_FRAMEWORK_HEADER = YES;
				CLANG_WARN_RANGE_LOOP_ANALYSIS = YES;
				CLANG_WARN_STRICT_PROTOTYPES = YES;
				CLANG_WARN_SUSPICIOUS_MOVE = YES;
				CLANG_WARN_UNGUARDED_AVAILABILITY = YES_AGGRESSIVE;
				CLANG_WARN_UNREACHABLE_CODE = YES;
				CLANG_WARN__DUPLICATE_METHOD_MATCH = YES;
				COPY_PHASE_STRIP = NO;
				DEBUG_INFORMATION_FORMAT = "dwarf-with-dsym";
				ENABLE_NS_ASSERTIONS = NO;
				ENABLE_STRICT_OBJC_MSGSEND = YES;
				GCC_C_LANGUAGE_STANDARD = gnu11;
				GCC_NO_COMMON_BLOCKS = YES;
				GCC_WARN_64_TO_32_BIT_CONVERSION = YES;
				GCC_WARN_ABOUT_RETURN_TYPE = YES_ERROR;
				GCC_WARN_UNDECLARED_SELECTOR = YES;
				GCC_WARN_UNINITIALIZED_AUTOS = YES_AGGRESSIVE;
				GCC_WARN_UNUSED_FUNCTION = YES;
				GCC_WARN_UNUSED_VARIABLE = YES;
				IPHONEOS_DEPLOYMENT_TARGET = 16.4;
				MTL_ENABLE_DEBUG_INFO = NO;
				MTL_FAST_MATH = YES;
				SDKROOT = iphoneos;
				SWIFT_COMPILATION_MODE = wholemodule;
				SWIFT_OPTIMIZATION_LEVEL = "-O";
				VALIDATE_PRODUCT = YES;
			};
			name = Release;
		};
		0EB22A572A838C6200217F74 /* Debug */ = {
			isa = XCBuildConfiguration;
			buildSettings = {
				ASSETCATALOG_COMPILER_APPICON_NAME = AppIcon;
				ASSETCATALOG_COMPILER_GLOBAL_ACCENT_COLOR_NAME = AccentColor;
				CODE_SIGN_STYLE = Automatic;
				CURRENT_PROJECT_VERSION = 1;
				DEVELOPMENT_TEAM = 92YDTRVDUA;
				GENERATE_INFOPLIST_FILE = YES;
				INFOPLIST_FILE = RIBsProject/Info.plist;
				INFOPLIST_KEY_UIApplicationSupportsIndirectInputEvents = YES;
				INFOPLIST_KEY_UILaunchStoryboardName = LaunchScreen;
				INFOPLIST_KEY_UISupportedInterfaceOrientations_iPad = "UIInterfaceOrientationPortrait UIInterfaceOrientationPortraitUpsideDown UIInterfaceOrientationLandscapeLeft UIInterfaceOrientationLandscapeRight";
				INFOPLIST_KEY_UISupportedInterfaceOrientations_iPhone = "UIInterfaceOrientationPortrait UIInterfaceOrientationLandscapeLeft UIInterfaceOrientationLandscapeRight";
				LD_RUNPATH_SEARCH_PATHS = (
					"$(inherited)",
					"@executable_path/Frameworks",
				);
				MARKETING_VERSION = 1.0;
				PRODUCT_BUNDLE_IDENTIFIER = com.junha.RIBsProject;
				PRODUCT_NAME = "$(TARGET_NAME)";
				SWIFT_EMIT_LOC_STRINGS = YES;
				SWIFT_VERSION = 5.0;
				TARGETED_DEVICE_FAMILY = "1,2";
			};
			name = Debug;
		};
		0EB22A582A838C6200217F74 /* Release */ = {
			isa = XCBuildConfiguration;
			buildSettings = {
				ASSETCATALOG_COMPILER_APPICON_NAME = AppIcon;
				ASSETCATALOG_COMPILER_GLOBAL_ACCENT_COLOR_NAME = AccentColor;
				CODE_SIGN_STYLE = Automatic;
				CURRENT_PROJECT_VERSION = 1;
				DEVELOPMENT_TEAM = 92YDTRVDUA;
				GENERATE_INFOPLIST_FILE = YES;
				INFOPLIST_FILE = RIBsProject/Info.plist;
				INFOPLIST_KEY_UIApplicationSupportsIndirectInputEvents = YES;
				INFOPLIST_KEY_UILaunchStoryboardName = LaunchScreen;
				INFOPLIST_KEY_UISupportedInterfaceOrientations_iPad = "UIInterfaceOrientationPortrait UIInterfaceOrientationPortraitUpsideDown UIInterfaceOrientationLandscapeLeft UIInterfaceOrientationLandscapeRight";
				INFOPLIST_KEY_UISupportedInterfaceOrientations_iPhone = "UIInterfaceOrientationPortrait UIInterfaceOrientationLandscapeLeft UIInterfaceOrientationLandscapeRight";
				LD_RUNPATH_SEARCH_PATHS = (
					"$(inherited)",
					"@executable_path/Frameworks",
				);
				MARKETING_VERSION = 1.0;
				PRODUCT_BUNDLE_IDENTIFIER = com.junha.RIBsProject;
				PRODUCT_NAME = "$(TARGET_NAME)";
				SWIFT_EMIT_LOC_STRINGS = YES;
				SWIFT_VERSION = 5.0;
				TARGETED_DEVICE_FAMILY = "1,2";
			};
			name = Release;
		};
/* End XCBuildConfiguration section */

/* Begin XCConfigurationList section */
		0EB22A3D2A838C6000217F74 /* Build configuration list for PBXProject "RIBsProject" */ = {
			isa = XCConfigurationList;
			buildConfigurations = (
				0EB22A542A838C6200217F74 /* Debug */,
				0EB22A552A838C6200217F74 /* Release */,
			);
			defaultConfigurationIsVisible = 0;
			defaultConfigurationName = Release;
		};
		0EB22A562A838C6200217F74 /* Build configuration list for PBXNativeTarget "RIBsProject" */ = {
			isa = XCConfigurationList;
			buildConfigurations = (
				0EB22A572A838C6200217F74 /* Debug */,
				0EB22A582A838C6200217F74 /* Release */,
			);
			defaultConfigurationIsVisible = 0;
			defaultConfigurationName = Release;
		};
/* End XCConfigurationList section */

/* Begin XCRemoteSwiftPackageReference section */
		0EB22A592A838CD600217F74 /* XCRemoteSwiftPackageReference "SnapKit" */ = {
			isa = XCRemoteSwiftPackageReference;
			repositoryURL = "https://github.com/SnapKit/SnapKit";
			requirement = {
				kind = upToNextMajorVersion;
				minimumVersion = 5.0.0;
			};
		};
		0EB22A5C2A838CE200217F74 /* XCRemoteSwiftPackageReference "Then" */ = {
			isa = XCRemoteSwiftPackageReference;
			repositoryURL = "https://github.com/devxoul/Then.git";
			requirement = {
				kind = upToNextMajorVersion;
				minimumVersion = 3.0.0;
			};
		};
		0EB22A5F2A838CF000217F74 /* XCRemoteSwiftPackageReference "RxSwift" */ = {
			isa = XCRemoteSwiftPackageReference;
			repositoryURL = "https://github.com/ReactiveX/RxSwift.git";
			requirement = {
				kind = upToNextMajorVersion;
				minimumVersion = 6.0.0;
			};
		};
		0EB22A662A838D3100217F74 /* XCRemoteSwiftPackageReference "RIBs" */ = {
			isa = XCRemoteSwiftPackageReference;
			repositoryURL = "https://github.com/uber/RIBs";
			requirement = {
				kind = upToNextMajorVersion;
				minimumVersion = 0.9.2;
			};
		};
/* End XCRemoteSwiftPackageReference section */

/* Begin XCSwiftPackageProductDependency section */
		0EB22A5A2A838CD600217F74 /* SnapKit */ = {
			isa = XCSwiftPackageProductDependency;
			package = 0EB22A592A838CD600217F74 /* XCRemoteSwiftPackageReference "SnapKit" */;
			productName = SnapKit;
		};
		0EB22A5D2A838CE200217F74 /* Then */ = {
			isa = XCSwiftPackageProductDependency;
			package = 0EB22A5C2A838CE200217F74 /* XCRemoteSwiftPackageReference "Then" */;
			productName = Then;
		};
		0EB22A602A838CF000217F74 /* RxCocoa */ = {
			isa = XCSwiftPackageProductDependency;
			package = 0EB22A5F2A838CF000217F74 /* XCRemoteSwiftPackageReference "RxSwift" */;
			productName = RxCocoa;
		};
		0EB22A622A838CF000217F74 /* RxSwift */ = {
			isa = XCSwiftPackageProductDependency;
			package = 0EB22A5F2A838CF000217F74 /* XCRemoteSwiftPackageReference "RxSwift" */;
			productName = RxSwift;
		};
		0EB22A672A838D3100217F74 /* RIBs */ = {
			isa = XCSwiftPackageProductDependency;
			package = 0EB22A662A838D3100217F74 /* XCRemoteSwiftPackageReference "RIBs" */;
			productName = RIBs;
		};
/* End XCSwiftPackageProductDependency section */
	};
	rootObject = 0EB22A3A2A838C6000217F74 /* Project object */;
}
