// !$*UTF8*$!
{
	archiveVersion = 1;
	classes = {
	};
	objectVersion = 56;
	objects = {

/* Begin PBXBuildFile section */
		0E28C3C929CC09B100DBBD44 /* AppDelegate.swift in Sources */ = {isa = PBXBuildFile; fileRef = 0E28C3C829CC09B100DBBD44 /* AppDelegate.swift */; };
		0E28C3CB29CC09B100DBBD44 /* SceneDelegate.swift in Sources */ = {isa = PBXBuildFile; fileRef = 0E28C3CA29CC09B100DBBD44 /* SceneDelegate.swift */; };
		0E28C3CD29CC09B100DBBD44 /* ViewController.swift in Sources */ = {isa = PBXBuildFile; fileRef = 0E28C3CC29CC09B100DBBD44 /* ViewController.swift */; };
		0E28C3D029CC09B100DBBD44 /* Main.storyboard in Resources */ = {isa = PBXBuildFile; fileRef = 0E28C3CE29CC09B100DBBD44 /* Main.storyboard */; };
		0E28C3D229CC09B200DBBD44 /* Assets.xcassets in Resources */ = {isa = PBXBuildFile; fileRef = 0E28C3D129CC09B200DBBD44 /* Assets.xcassets */; };
		0E28C3D529CC09B200DBBD44 /* LaunchScreen.storyboard in Resources */ = {isa = PBXBuildFile; fileRef = 0E28C3D329CC09B200DBBD44 /* LaunchScreen.storyboard */; };
		0E28C3DD29CC09DA00DBBD44 /* Facade.swift in Sources */ = {isa = PBXBuildFile; fileRef = 0E28C3DC29CC09DA00DBBD44 /* Facade.swift */; };
		0E28C3DF29CC0AE400DBBD44 /* Subsystems.swift in Sources */ = {isa = PBXBuildFile; fileRef = 0E28C3DE29CC0AE400DBBD44 /* Subsystems.swift */; };
/* End PBXBuildFile section */

/* Begin PBXFileReference section */
		0E28C3C529CC09B100DBBD44 /* GoF-FacadePattern.app */ = {isa = PBXFileReference; explicitFileType = wrapper.application; includeInIndex = 0; path = "GoF-FacadePattern.app"; sourceTree = BUILT_PRODUCTS_DIR; };
		0E28C3C829CC09B100DBBD44 /* AppDelegate.swift */ = {isa = PBXFileReference; lastKnownFileType = sourcecode.swift; path = AppDelegate.swift; sourceTree = "<group>"; };
		0E28C3CA29CC09B100DBBD44 /* SceneDelegate.swift */ = {isa = PBXFileReference; lastKnownFileType = sourcecode.swift; path = SceneDelegate.swift; sourceTree = "<group>"; };
		0E28C3CC29CC09B100DBBD44 /* ViewController.swift */ = {isa = PBXFileReference; lastKnownFileType = sourcecode.swift; path = ViewController.swift; sourceTree = "<group>"; };
		0E28C3CF29CC09B100DBBD44 /* Base */ = {isa = PBXFileReference; lastKnownFileType = file.storyboard; name = Base; path = Base.lproj/Main.storyboard; sourceTree = "<group>"; };
		0E28C3D129CC09B200DBBD44 /* Assets.xcassets */ = {isa = PBXFileReference; lastKnownFileType = folder.assetcatalog; path = Assets.xcassets; sourceTree = "<group>"; };
		0E28C3D429CC09B200DBBD44 /* Base */ = {isa = PBXFileReference; lastKnownFileType = file.storyboard; name = Base; path = Base.lproj/LaunchScreen.storyboard; sourceTree = "<group>"; };
		0E28C3D629CC09B200DBBD44 /* Info.plist */ = {isa = PBXFileReference; lastKnownFileType = text.plist.xml; path = Info.plist; sourceTree = "<group>"; };
		0E28C3DC29CC09DA00DBBD44 /* Facade.swift */ = {isa = PBXFileReference; lastKnownFileType = sourcecode.swift; path = Facade.swift; sourceTree = "<group>"; };
		0E28C3DE29CC0AE400DBBD44 /* Subsystems.swift */ = {isa = PBXFileReference; lastKnownFileType = sourcecode.swift; path = Subsystems.swift; sourceTree = "<group>"; };
/* End PBXFileReference section */

/* Begin PBXFrameworksBuildPhase section */
		0E28C3C229CC09B100DBBD44 /* Frameworks */ = {
			isa = PBXFrameworksBuildPhase;
			buildActionMask = 2147483647;
			files = (
			);
			runOnlyForDeploymentPostprocessing = 0;
		};
/* End PBXFrameworksBuildPhase section */

/* Begin PBXGroup section */
		0E28C3BC29CC09B100DBBD44 = {
			isa = PBXGroup;
			children = (
				0E28C3C729CC09B100DBBD44 /* GoF-FacadePattern */,
				0E28C3C629CC09B100DBBD44 /* Products */,
			);
			sourceTree = "<group>";
		};
		0E28C3C629CC09B100DBBD44 /* Products */ = {
			isa = PBXGroup;
			children = (
				0E28C3C529CC09B100DBBD44 /* GoF-FacadePattern.app */,
			);
			name = Products;
			sourceTree = "<group>";
		};
		0E28C3C729CC09B100DBBD44 /* GoF-FacadePattern */ = {
			isa = PBXGroup;
			children = (
				0E28C3C829CC09B100DBBD44 /* AppDelegate.swift */,
				0E28C3CA29CC09B100DBBD44 /* SceneDelegate.swift */,
				0E28C3CC29CC09B100DBBD44 /* ViewController.swift */,
				0E28C3DC29CC09DA00DBBD44 /* Facade.swift */,
				0E28C3DE29CC0AE400DBBD44 /* Subsystems.swift */,
				0E28C3CE29CC09B100DBBD44 /* Main.storyboard */,
				0E28C3D129CC09B200DBBD44 /* Assets.xcassets */,
				0E28C3D329CC09B200DBBD44 /* LaunchScreen.storyboard */,
				0E28C3D629CC09B200DBBD44 /* Info.plist */,
			);
			path = "GoF-FacadePattern";
			sourceTree = "<group>";
		};
/* End PBXGroup section */

/* Begin PBXNativeTarget section */
		0E28C3C429CC09B100DBBD44 /* GoF-FacadePattern */ = {
			isa = PBXNativeTarget;
			buildConfigurationList = 0E28C3D929CC09B200DBBD44 /* Build configuration list for PBXNativeTarget "GoF-FacadePattern" */;
			buildPhases = (
				0E28C3C129CC09B100DBBD44 /* Sources */,
				0E28C3C229CC09B100DBBD44 /* Frameworks */,
				0E28C3C329CC09B100DBBD44 /* Resources */,
			);
			buildRules = (
			);
			dependencies = (
			);
			name = "GoF-FacadePattern";
			productName = "GoF-FacadePattern";
			productReference = 0E28C3C529CC09B100DBBD44 /* GoF-FacadePattern.app */;
			productType = "com.apple.product-type.application";
		};
/* End PBXNativeTarget section */

/* Begin PBXProject section */
		0E28C3BD29CC09B100DBBD44 /* Project object */ = {
			isa = PBXProject;
			attributes = {
				BuildIndependentTargetsInParallel = 1;
				LastSwiftUpdateCheck = 1420;
				LastUpgradeCheck = 1420;
				TargetAttributes = {
					0E28C3C429CC09B100DBBD44 = {
						CreatedOnToolsVersion = 14.2;
					};
				};
			};
			buildConfigurationList = 0E28C3C029CC09B100DBBD44 /* Build configuration list for PBXProject "GoF-FacadePattern" */;
			compatibilityVersion = "Xcode 14.0";
			developmentRegion = en;
			hasScannedForEncodings = 0;
			knownRegions = (
				en,
				Base,
			);
			mainGroup = 0E28C3BC29CC09B100DBBD44;
			productRefGroup = 0E28C3C629CC09B100DBBD44 /* Products */;
			projectDirPath = "";
			projectRoot = "";
			targets = (
				0E28C3C429CC09B100DBBD44 /* GoF-FacadePattern */,
			);
		};
/* End PBXProject section */

/* Begin PBXResourcesBuildPhase section */
		0E28C3C329CC09B100DBBD44 /* Resources */ = {
			isa = PBXResourcesBuildPhase;
			buildActionMask = 2147483647;
			files = (
				0E28C3D529CC09B200DBBD44 /* LaunchScreen.storyboard in Resources */,
				0E28C3D229CC09B200DBBD44 /* Assets.xcassets in Resources */,
				0E28C3D029CC09B100DBBD44 /* Main.storyboard in Resources */,
			);
			runOnlyForDeploymentPostprocessing = 0;
		};
/* End PBXResourcesBuildPhase section */

/* Begin PBXSourcesBuildPhase section */
		0E28C3C129CC09B100DBBD44 /* Sources */ = {
			isa = PBXSourcesBuildPhase;
			buildActionMask = 2147483647;
			files = (
				0E28C3CD29CC09B100DBBD44 /* ViewController.swift in Sources */,
				0E28C3C929CC09B100DBBD44 /* AppDelegate.swift in Sources */,
				0E28C3CB29CC09B100DBBD44 /* SceneDelegate.swift in Sources */,
				0E28C3DF29CC0AE400DBBD44 /* Subsystems.swift in Sources */,
				0E28C3DD29CC09DA00DBBD44 /* Facade.swift in Sources */,
			);
			runOnlyForDeploymentPostprocessing = 0;
		};
/* End PBXSourcesBuildPhase section */

/* Begin PBXVariantGroup section */
		0E28C3CE29CC09B100DBBD44 /* Main.storyboard */ = {
			isa = PBXVariantGroup;
			children = (
				0E28C3CF29CC09B100DBBD44 /* Base */,
			);
			name = Main.storyboard;
			sourceTree = "<group>";
		};
		0E28C3D329CC09B200DBBD44 /* LaunchScreen.storyboard */ = {
			isa = PBXVariantGroup;
			children = (
				0E28C3D429CC09B200DBBD44 /* Base */,
			);
			name = LaunchScreen.storyboard;
			sourceTree = "<group>";
		};
/* End PBXVariantGroup section */

/* Begin XCBuildConfiguration section */
		0E28C3D729CC09B200DBBD44 /* Debug */ = {
			isa = XCBuildConfiguration;
			buildSettings = {
				ALWAYS_SEARCH_USER_PATHS = NO;
				CLANG_ANALYZER_NONNULL = YES;
				CLANG_ANALYZER_NUMBER_OBJECT_CONVERSION = YES_AGGRESSIVE;
				CLANG_CXX_LANGUAGE_STANDARD = "gnu++20";
				CLANG_ENABLE_MODULES = YES;
				CLANG_ENABLE_OBJC_ARC = YES;
				CLANG_ENABLE_OBJC_WEAK = YES;
				CLANG_WARN_BLOCK_CAPTURE_AUTORELEASING = YES;
				CLANG_WARN_BOOL_CONVERSION = YES;
				CLANG_WARN_COMMA = YES;
				CLANG_WARN_CONSTANT_CONVERSION = YES;
				CLANG_WARN_DEPRECATED_OBJC_IMPLEMENTATIONS = YES;
				CLANG_WARN_DIRECT_OBJC_ISA_USAGE = YES_ERROR;
				CLANG_WARN_DOCUMENTATION_COMMENTS = YES;
				CLANG_WARN_EMPTY_BODY = YES;
				CLANG_WARN_ENUM_CONVERSION = YES;
				CLANG_WARN_INFINITE_RECURSION = YES;
				CLANG_WARN_INT_CONVERSION = YES;
				CLANG_WARN_NON_LITERAL_NULL_CONVERSION = YES;
				CLANG_WARN_OBJC_IMPLICIT_RETAIN_SELF = YES;
				CLANG_WARN_OBJC_LITERAL_CONVERSION = YES;
				CLANG_WARN_OBJC_ROOT_CLASS = YES_ERROR;
				CLANG_WARN_QUOTED_INCLUDE_IN_FRAMEWORK_HEADER = YES;
				CLANG_WARN_RANGE_LOOP_ANALYSIS = YES;
				CLANG_WARN_STRICT_PROTOTYPES = YES;
				CLANG_WARN_SUSPICIOUS_MOVE = YES;
				CLANG_WARN_UNGUARDED_AVAILABILITY = YES_AGGRESSIVE;
				CLANG_WARN_UNREACHABLE_CODE = YES;
				CLANG_WARN__DUPLICATE_METHOD_MATCH = YES;
				COPY_PHASE_STRIP = NO;
				DEBUG_INFORMATION_FORMAT = dwarf;
				ENABLE_STRICT_OBJC_MSGSEND = YES;
				ENABLE_TESTABILITY = YES;
				GCC_C_LANGUAGE_STANDARD = gnu11;
				GCC_DYNAMIC_NO_PIC = NO;
				GCC_NO_COMMON_BLOCKS = YES;
				GCC_OPTIMIZATION_LEVEL = 0;
				GCC_PREPROCESSOR_DEFINITIONS = (
					"DEBUG=1",
					"$(inherited)",
				);
				GCC_WARN_64_TO_32_BIT_CONVERSION = YES;
				GCC_WARN_ABOUT_RETURN_TYPE = YES_ERROR;
				GCC_WARN_UNDECLARED_SELECTOR = YES;
				GCC_WARN_UNINITIALIZED_AUTOS = YES_AGGRESSIVE;
				GCC_WARN_UNUSED_FUNCTION = YES;
				GCC_WARN_UNUSED_VARIABLE = YES;
				IPHONEOS_DEPLOYMENT_TARGET = 16.2;
				MTL_ENABLE_DEBUG_INFO = INCLUDE_SOURCE;
				MTL_FAST_MATH = YES;
				ONLY_ACTIVE_ARCH = YES;
				SDKROOT = iphoneos;
				SWIFT_ACTIVE_COMPILATION_CONDITIONS = DEBUG;
				SWIFT_OPTIMIZATION_LEVEL = "-Onone";
			};
			name = Debug;
		};
		0E28C3D829CC09B200DBBD44 /* Release */ = {
			isa = XCBuildConfiguration;
			buildSettings = {
				ALWAYS_SEARCH_USER_PATHS = NO;
				CLANG_ANALYZER_NONNULL = YES;
				CLANG_ANALYZER_NUMBER_OBJECT_CONVERSION = YES_AGGRESSIVE;
				CLANG_CXX_LANGUAGE_STANDARD = "gnu++20";
				CLANG_ENABLE_MODULES = YES;
				CLANG_ENABLE_OBJC_ARC = YES;
				CLANG_ENABLE_OBJC_WEAK = YES;
				CLANG_WARN_BLOCK_CAPTURE_AUTORELEASING = YES;
				CLANG_WARN_BOOL_CONVERSION = YES;
				CLANG_WARN_COMMA = YES;
				CLANG_WARN_CONSTANT_CONVERSION = YES;
				CLANG_WARN_DEPRECATED_OBJC_IMPLEMENTATIONS = YES;
				CLANG_WARN_DIRECT_OBJC_ISA_USAGE = YES_ERROR;
				CLANG_WARN_DOCUMENTATION_COMMENTS = YES;
				CLANG_WARN_EMPTY_BODY = YES;
				CLANG_WARN_ENUM_CONVERSION = YES;
				CLANG_WARN_INFINITE_RECURSION = YES;
				CLANG_WARN_INT_CONVERSION = YES;
				CLANG_WARN_NON_LITERAL_NULL_CONVERSION = YES;
				CLANG_WARN_OBJC_IMPLICIT_RETAIN_SELF = YES;
				CLANG_WARN_OBJC_LITERAL_CONVERSION = YES;
				CLANG_WARN_OBJC_ROOT_CLASS = YES_ERROR;
				CLANG_WARN_QUOTED_INCLUDE_IN_FRAMEWORK_HEADER = YES;
				CLANG_WARN_RANGE_LOOP_ANALYSIS = YES;
				CLANG_WARN_STRICT_PROTOTYPES = YES;
				CLANG_WARN_SUSPICIOUS_MOVE = YES;
				CLANG_WARN_UNGUARDED_AVAILABILITY = YES_AGGRESSIVE;
				CLANG_WARN_UNREACHABLE_CODE = YES;
				CLANG_WARN__DUPLICATE_METHOD_MATCH = YES;
				COPY_PHASE_STRIP = NO;
				DEBUG_INFORMATION_FORMAT = "dwarf-with-dsym";
				ENABLE_NS_ASSERTIONS = NO;
				ENABLE_STRICT_OBJC_MSGSEND = YES;
				GCC_C_LANGUAGE_STANDARD = gnu11;
				GCC_NO_COMMON_BLOCKS = YES;
				GCC_WARN_64_TO_32_BIT_CONVERSION = YES;
				GCC_WARN_ABOUT_RETURN_TYPE = YES_ERROR;
				GCC_WARN_UNDECLARED_SELECTOR = YES;
				GCC_WARN_UNINITIALIZED_AUTOS = YES_AGGRESSIVE;
				GCC_WARN_UNUSED_FUNCTION = YES;
				GCC_WARN_UNUSED_VARIABLE = YES;
				IPHONEOS_DEPLOYMENT_TARGET = 16.2;
				MTL_ENABLE_DEBUG_INFO = NO;
				MTL_FAST_MATH = YES;
				SDKROOT = iphoneos;
				SWIFT_COMPILATION_MODE = wholemodule;
				SWIFT_OPTIMIZATION_LEVEL = "-O";
				VALIDATE_PRODUCT = YES;
			};
			name = Release;
		};
		0E28C3DA29CC09B200DBBD44 /* Debug */ = {
			isa = XCBuildConfiguration;
			buildSettings = {
				ASSETCATALOG_COMPILER_APPICON_NAME = AppIcon;
				ASSETCATALOG_COMPILER_GLOBAL_ACCENT_COLOR_NAME = AccentColor;
				CODE_SIGN_STYLE = Automatic;
				CURRENT_PROJECT_VERSION = 1;
				DEVELOPMENT_TEAM = 92YDTRVDUA;
				GENERATE_INFOPLIST_FILE = YES;
				INFOPLIST_FILE = "GoF-FacadePattern/Info.plist";
				INFOPLIST_KEY_UIApplicationSupportsIndirectInputEvents = YES;
				INFOPLIST_KEY_UILaunchStoryboardName = LaunchScreen;
				INFOPLIST_KEY_UIMainStoryboardFile = Main;
				INFOPLIST_KEY_UISupportedInterfaceOrientations_iPad = "UIInterfaceOrientationPortrait UIInterfaceOrientationPortraitUpsideDown UIInterfaceOrientationLandscapeLeft UIInterfaceOrientationLandscapeRight";
				INFOPLIST_KEY_UISupportedInterfaceOrientations_iPhone = "UIInterfaceOrientationPortrait UIInterfaceOrientationLandscapeLeft UIInterfaceOrientationLandscapeRight";
				LD_RUNPATH_SEARCH_PATHS = (
					"$(inherited)",
					"@executable_path/Frameworks",
				);
				MARKETING_VERSION = 1.0;
				PRODUCT_BUNDLE_IDENTIFIER = "com.GoF-FacadePattern";
				PRODUCT_NAME = "$(TARGET_NAME)";
				SWIFT_EMIT_LOC_STRINGS = YES;
				SWIFT_VERSION = 5.0;
				TARGETED_DEVICE_FAMILY = "1,2";
			};
			name = Debug;
		};
		0E28C3DB29CC09B200DBBD44 /* Release */ = {
			isa = XCBuildConfiguration;
			buildSettings = {
				ASSETCATALOG_COMPILER_APPICON_NAME = AppIcon;
				ASSETCATALOG_COMPILER_GLOBAL_ACCENT_COLOR_NAME = AccentColor;
				CODE_SIGN_STYLE = Automatic;
				CURRENT_PROJECT_VERSION = 1;
				DEVELOPMENT_TEAM = 92YDTRVDUA;
				GENERATE_INFOPLIST_FILE = YES;
				INFOPLIST_FILE = "GoF-FacadePattern/Info.plist";
				INFOPLIST_KEY_UIApplicationSupportsIndirectInputEvents = YES;
				INFOPLIST_KEY_UILaunchStoryboardName = LaunchScreen;
				INFOPLIST_KEY_UIMainStoryboardFile = Main;
				INFOPLIST_KEY_UISupportedInterfaceOrientations_iPad = "UIInterfaceOrientationPortrait UIInterfaceOrientationPortraitUpsideDown UIInterfaceOrientationLandscapeLeft UIInterfaceOrientationLandscapeRight";
				INFOPLIST_KEY_UISupportedInterfaceOrientations_iPhone = "UIInterfaceOrientationPortrait UIInterfaceOrientationLandscapeLeft UIInterfaceOrientationLandscapeRight";
				LD_RUNPATH_SEARCH_PATHS = (
					"$(inherited)",
					"@executable_path/Frameworks",
				);
				MARKETING_VERSION = 1.0;
				PRODUCT_BUNDLE_IDENTIFIER = "com.GoF-FacadePattern";
				PRODUCT_NAME = "$(TARGET_NAME)";
				SWIFT_EMIT_LOC_STRINGS = YES;
				SWIFT_VERSION = 5.0;
				TARGETED_DEVICE_FAMILY = "1,2";
			};
			name = Release;
		};
/* End XCBuildConfiguration section */

/* Begin XCConfigurationList section */
		0E28C3C029CC09B100DBBD44 /* Build configuration list for PBXProject "GoF-FacadePattern" */ = {
			isa = XCConfigurationList;
			buildConfigurations = (
				0E28C3D729CC09B200DBBD44 /* Debug */,
				0E28C3D829CC09B200DBBD44 /* Release */,
			);
			defaultConfigurationIsVisible = 0;
			defaultConfigurationName = Release;
		};
		0E28C3D929CC09B200DBBD44 /* Build configuration list for PBXNativeTarget "GoF-FacadePattern" */ = {
			isa = XCConfigurationList;
			buildConfigurations = (
				0E28C3DA29CC09B200DBBD44 /* Debug */,
				0E28C3DB29CC09B200DBBD44 /* Release */,
			);
			defaultConfigurationIsVisible = 0;
			defaultConfigurationName = Release;
		};
/* End XCConfigurationList section */
	};
	rootObject = 0E28C3BD29CC09B100DBBD44 /* Project object */;
}
